
Microsoft Visual Studio Solution File, Format Version 12.00
# Visual Studio 15
VisualStudioVersion = 15.0.27703.2042
MinimumVisualStudioVersion = 10.0.40219.1
Project("{2150E333-8FDC-42A3-9474-1A3956D46DE8}") = "Common", "Common", "{4E22072D-F725-4781-BC5A-52CC47891D82}"
EndProject
Project("{2150E333-8FDC-42A3-9474-1A3956D46DE8}") = "Platforms", "Platforms", "{DBFA2576-5139-4E73-B7FD-288753385960}"
EndProject
Project("{9A19103F-16F7-4668-BE54-9A1E7A4F7556}") = "LagoVista.DroneBaseStation", "src\common\LagoVista.DroneBaseStation\LagoVista.DroneBaseStation.csproj", "{EB4E5C6E-D757-49EC-BFF8-F929B7240445}"
EndProject
Project("{FAE04EC0-301F-11D3-BF4B-00C04F79EFBC}") = "LagoVista.DroneBaseStation.Android", "src\platforms\LagoVista.DroneBaseStation.Android\LagoVista.DroneBaseStation.Android.csproj", "{9CA9B74F-953E-4054-85B3-93070C5A1287}"
EndProject
Project("{FAE04EC0-301F-11D3-BF4B-00C04F79EFBC}") = "LagoVista.DroneBaseStation.iOS", "src\platforms\LagoVista.DroneBaseStation.iOS\LagoVista.DroneBaseStation.iOS.csproj", "{0AEAA1D6-F453-4C30-80A8-D846E92B7068}"
EndProject
Project("{FAE04EC0-301F-11D3-BF4B-00C04F79EFBC}") = "LagoVista.DroneBaseStation.UWP", "src\platforms\LagoVista.DroneBaseStation.UWP\LagoVista.DroneBaseStation.UWP.csproj", "{AA3B09B1-0C5E-4953-91BA-B51FE4209984}"
EndProject
Project("{9A19103F-16F7-4668-BE54-9A1E7A4F7556}") = "LagoVista.DroneBaseStation.Core", "src\common\LagoVista.DroneBaseStation.Core\LagoVista.DroneBaseStation.Core.csproj", "{AFD4E468-02A4-4CE2-A526-CACD2ED05078}"
EndProject
Project("{9A19103F-16F7-4668-BE54-9A1E7A4F7556}") = "MavLink", "src\libs\MavLink\MavLink.csproj", "{6A56E002-46C9-420D-99CF-749D32BE6EFF}"
EndProject
Project("{FAE04EC0-301F-11D3-BF4B-00C04F79EFBC}") = "LagoVista.Drone", "src\LagoVista.Drone\LagoVista.Drone.csproj", "{AF810C05-EDA3-4CF4-ABC6-5A77DCD050E8}"
EndProject
Global
	GlobalSection(SolutionConfigurationPlatforms) = preSolution
		Ad-Hoc|Any CPU = Ad-Hoc|Any CPU
		Ad-Hoc|ARM = Ad-Hoc|ARM
		Ad-Hoc|iPhone = Ad-Hoc|iPhone
		Ad-Hoc|iPhoneSimulator = Ad-Hoc|iPhoneSimulator
		Ad-Hoc|x64 = Ad-Hoc|x64
		Ad-Hoc|x86 = Ad-Hoc|x86
		AppStore|Any CPU = AppStore|Any CPU
		AppStore|ARM = AppStore|ARM
		AppStore|iPhone = AppStore|iPhone
		AppStore|iPhoneSimulator = AppStore|iPhoneSimulator
		AppStore|x64 = AppStore|x64
		AppStore|x86 = AppStore|x86
		Debug|Any CPU = Debug|Any CPU
		Debug|ARM = Debug|ARM
		Debug|iPhone = Debug|iPhone
		Debug|iPhoneSimulator = Debug|iPhoneSimulator
		Debug|x64 = Debug|x64
		Debug|x86 = Debug|x86
		Release|Any CPU = Release|Any CPU
		Release|ARM = Release|ARM
		Release|iPhone = Release|iPhone
		Release|iPhoneSimulator = Release|iPhoneSimulator
		Release|x64 = Release|x64
		Release|x86 = Release|x86
	EndGlobalSection
	GlobalSection(ProjectConfigurationPlatforms) = postSolution
		{EB4E5C6E-D757-49EC-BFF8-F929B7240445}.Ad-Hoc|Any CPU.ActiveCfg = Debug|Any CPU
		{EB4E5C6E-D757-49EC-BFF8-F929B7240445}.Ad-Hoc|Any CPU.Build.0 = Debug|Any CPU
		{EB4E5C6E-D757-49EC-BFF8-F929B7240445}.Ad-Hoc|ARM.ActiveCfg = Debug|Any CPU
		{EB4E5C6E-D757-49EC-BFF8-F929B7240445}.Ad-Hoc|ARM.Build.0 = Debug|Any CPU
		{EB4E5C6E-D757-49EC-BFF8-F929B7240445}.Ad-Hoc|iPhone.ActiveCfg = Debug|Any CPU
		{EB4E5C6E-D757-49EC-BFF8-F929B7240445}.Ad-Hoc|iPhone.Build.0 = Debug|Any CPU
		{EB4E5C6E-D757-49EC-BFF8-F929B7240445}.Ad-Hoc|iPhoneSimulator.ActiveCfg = Debug|Any CPU
		{EB4E5C6E-D757-49EC-BFF8-F929B7240445}.Ad-Hoc|iPhoneSimulator.Build.0 = Debug|Any CPU
		{EB4E5C6E-D757-49EC-BFF8-F929B7240445}.Ad-Hoc|x64.ActiveCfg = Debug|Any CPU
		{EB4E5C6E-D757-49EC-BFF8-F929B7240445}.Ad-Hoc|x64.Build.0 = Debug|Any CPU
		{EB4E5C6E-D757-49EC-BFF8-F929B7240445}.Ad-Hoc|x86.ActiveCfg = Debug|Any CPU
		{EB4E5C6E-D757-49EC-BFF8-F929B7240445}.Ad-Hoc|x86.Build.0 = Debug|Any CPU
		{EB4E5C6E-D757-49EC-BFF8-F929B7240445}.AppStore|Any CPU.ActiveCfg = Debug|Any CPU
		{EB4E5C6E-D757-49EC-BFF8-F929B7240445}.AppStore|Any CPU.Build.0 = Debug|Any CPU
		{EB4E5C6E-D757-49EC-BFF8-F929B7240445}.AppStore|ARM.ActiveCfg = Debug|Any CPU
		{EB4E5C6E-D757-49EC-BFF8-F929B7240445}.AppStore|ARM.Build.0 = Debug|Any CPU
		{EB4E5C6E-D757-49EC-BFF8-F929B7240445}.AppStore|iPhone.ActiveCfg = Debug|Any CPU
		{EB4E5C6E-D757-49EC-BFF8-F929B7240445}.AppStore|iPhone.Build.0 = Debug|Any CPU
		{EB4E5C6E-D757-49EC-BFF8-F929B7240445}.AppStore|iPhoneSimulator.ActiveCfg = Debug|Any CPU
		{EB4E5C6E-D757-49EC-BFF8-F929B7240445}.AppStore|iPhoneSimulator.Build.0 = Debug|Any CPU
		{EB4E5C6E-D757-49EC-BFF8-F929B7240445}.AppStore|x64.ActiveCfg = Debug|Any CPU
		{EB4E5C6E-D757-49EC-BFF8-F929B7240445}.AppStore|x64.Build.0 = Debug|Any CPU
		{EB4E5C6E-D757-49EC-BFF8-F929B7240445}.AppStore|x86.ActiveCfg = Debug|Any CPU
		{EB4E5C6E-D757-49EC-BFF8-F929B7240445}.AppStore|x86.Build.0 = Debug|Any CPU
		{EB4E5C6E-D757-49EC-BFF8-F929B7240445}.Debug|Any CPU.ActiveCfg = Debug|Any CPU
		{EB4E5C6E-D757-49EC-BFF8-F929B7240445}.Debug|Any CPU.Build.0 = Debug|Any CPU
		{EB4E5C6E-D757-49EC-BFF8-F929B7240445}.Debug|ARM.ActiveCfg = Debug|Any CPU
		{EB4E5C6E-D757-49EC-BFF8-F929B7240445}.Debug|ARM.Build.0 = Debug|Any CPU
		{EB4E5C6E-D757-49EC-BFF8-F929B7240445}.Debug|iPhone.ActiveCfg = Debug|Any CPU
		{EB4E5C6E-D757-49EC-BFF8-F929B7240445}.Debug|iPhone.Build.0 = Debug|Any CPU
		{EB4E5C6E-D757-49EC-BFF8-F929B7240445}.Debug|iPhoneSimulator.ActiveCfg = Debug|Any CPU
		{EB4E5C6E-D757-49EC-BFF8-F929B7240445}.Debug|iPhoneSimulator.Build.0 = Debug|Any CPU
		{EB4E5C6E-D757-49EC-BFF8-F929B7240445}.Debug|x64.ActiveCfg = Debug|Any CPU
		{EB4E5C6E-D757-49EC-BFF8-F929B7240445}.Debug|x64.Build.0 = Debug|Any CPU
		{EB4E5C6E-D757-49EC-BFF8-F929B7240445}.Debug|x86.ActiveCfg = Debug|Any CPU
		{EB4E5C6E-D757-49EC-BFF8-F929B7240445}.Debug|x86.Build.0 = Debug|Any CPU
		{EB4E5C6E-D757-49EC-BFF8-F929B7240445}.Release|Any CPU.ActiveCfg = Release|Any CPU
		{EB4E5C6E-D757-49EC-BFF8-F929B7240445}.Release|Any CPU.Build.0 = Release|Any CPU
		{EB4E5C6E-D757-49EC-BFF8-F929B7240445}.Release|ARM.ActiveCfg = Release|Any CPU
		{EB4E5C6E-D757-49EC-BFF8-F929B7240445}.Release|ARM.Build.0 = Release|Any CPU
		{EB4E5C6E-D757-49EC-BFF8-F929B7240445}.Release|iPhone.ActiveCfg = Release|Any CPU
		{EB4E5C6E-D757-49EC-BFF8-F929B7240445}.Release|iPhone.Build.0 = Release|Any CPU
		{EB4E5C6E-D757-49EC-BFF8-F929B7240445}.Release|iPhoneSimulator.ActiveCfg = Release|Any CPU
		{EB4E5C6E-D757-49EC-BFF8-F929B7240445}.Release|iPhoneSimulator.Build.0 = Release|Any CPU
		{EB4E5C6E-D757-49EC-BFF8-F929B7240445}.Release|x64.ActiveCfg = Release|Any CPU
		{EB4E5C6E-D757-49EC-BFF8-F929B7240445}.Release|x64.Build.0 = Release|Any CPU
		{EB4E5C6E-D757-49EC-BFF8-F929B7240445}.Release|x86.ActiveCfg = Release|Any CPU
		{EB4E5C6E-D757-49EC-BFF8-F929B7240445}.Release|x86.Build.0 = Release|Any CPU
		{9CA9B74F-953E-4054-85B3-93070C5A1287}.Ad-Hoc|Any CPU.ActiveCfg = Release|Any CPU
		{9CA9B74F-953E-4054-85B3-93070C5A1287}.Ad-Hoc|Any CPU.Build.0 = Release|Any CPU
		{9CA9B74F-953E-4054-85B3-93070C5A1287}.Ad-Hoc|Any CPU.Deploy.0 = Release|Any CPU
		{9CA9B74F-953E-4054-85B3-93070C5A1287}.Ad-Hoc|ARM.ActiveCfg = Release|Any CPU
		{9CA9B74F-953E-4054-85B3-93070C5A1287}.Ad-Hoc|ARM.Build.0 = Release|Any CPU
		{9CA9B74F-953E-4054-85B3-93070C5A1287}.Ad-Hoc|ARM.Deploy.0 = Release|Any CPU
		{9CA9B74F-953E-4054-85B3-93070C5A1287}.Ad-Hoc|iPhone.ActiveCfg = Release|Any CPU
		{9CA9B74F-953E-4054-85B3-93070C5A1287}.Ad-Hoc|iPhone.Build.0 = Release|Any CPU
		{9CA9B74F-953E-4054-85B3-93070C5A1287}.Ad-Hoc|iPhone.Deploy.0 = Release|Any CPU
		{9CA9B74F-953E-4054-85B3-93070C5A1287}.Ad-Hoc|iPhoneSimulator.ActiveCfg = Release|Any CPU
		{9CA9B74F-953E-4054-85B3-93070C5A1287}.Ad-Hoc|iPhoneSimulator.Build.0 = Release|Any CPU
		{9CA9B74F-953E-4054-85B3-93070C5A1287}.Ad-Hoc|iPhoneSimulator.Deploy.0 = Release|Any CPU
		{9CA9B74F-953E-4054-85B3-93070C5A1287}.Ad-Hoc|x64.ActiveCfg = Release|Any CPU
		{9CA9B74F-953E-4054-85B3-93070C5A1287}.Ad-Hoc|x64.Build.0 = Release|Any CPU
		{9CA9B74F-953E-4054-85B3-93070C5A1287}.Ad-Hoc|x64.Deploy.0 = Release|Any CPU
		{9CA9B74F-953E-4054-85B3-93070C5A1287}.Ad-Hoc|x86.ActiveCfg = Release|Any CPU
		{9CA9B74F-953E-4054-85B3-93070C5A1287}.Ad-Hoc|x86.Build.0 = Release|Any CPU
		{9CA9B74F-953E-4054-85B3-93070C5A1287}.Ad-Hoc|x86.Deploy.0 = Release|Any CPU
		{9CA9B74F-953E-4054-85B3-93070C5A1287}.AppStore|Any CPU.ActiveCfg = Release|Any CPU
		{9CA9B74F-953E-4054-85B3-93070C5A1287}.AppStore|Any CPU.Build.0 = Release|Any CPU
		{9CA9B74F-953E-4054-85B3-93070C5A1287}.AppStore|Any CPU.Deploy.0 = Release|Any CPU
		{9CA9B74F-953E-4054-85B3-93070C5A1287}.AppStore|ARM.ActiveCfg = Release|Any CPU
		{9CA9B74F-953E-4054-85B3-93070C5A1287}.AppStore|ARM.Build.0 = Release|Any CPU
		{9CA9B74F-953E-4054-85B3-93070C5A1287}.AppStore|ARM.Deploy.0 = Release|Any CPU
		{9CA9B74F-953E-4054-85B3-93070C5A1287}.AppStore|iPhone.ActiveCfg = Release|Any CPU
		{9CA9B74F-953E-4054-85B3-93070C5A1287}.AppStore|iPhone.Build.0 = Release|Any CPU
		{9CA9B74F-953E-4054-85B3-93070C5A1287}.AppStore|iPhone.Deploy.0 = Release|Any CPU
		{9CA9B74F-953E-4054-85B3-93070C5A1287}.AppStore|iPhoneSimulator.ActiveCfg = Release|Any CPU
		{9CA9B74F-953E-4054-85B3-93070C5A1287}.AppStore|iPhoneSimulator.Build.0 = Release|Any CPU
		{9CA9B74F-953E-4054-85B3-93070C5A1287}.AppStore|iPhoneSimulator.Deploy.0 = Release|Any CPU
		{9CA9B74F-953E-4054-85B3-93070C5A1287}.AppStore|x64.ActiveCfg = Release|Any CPU
		{9CA9B74F-953E-4054-85B3-93070C5A1287}.AppStore|x64.Build.0 = Release|Any CPU
		{9CA9B74F-953E-4054-85B3-93070C5A1287}.AppStore|x64.Deploy.0 = Release|Any CPU
		{9CA9B74F-953E-4054-85B3-93070C5A1287}.AppStore|x86.ActiveCfg = Release|Any CPU
		{9CA9B74F-953E-4054-85B3-93070C5A1287}.AppStore|x86.Build.0 = Release|Any CPU
		{9CA9B74F-953E-4054-85B3-93070C5A1287}.AppStore|x86.Deploy.0 = Release|Any CPU
		{9CA9B74F-953E-4054-85B3-93070C5A1287}.Debug|Any CPU.ActiveCfg = Debug|Any CPU
		{9CA9B74F-953E-4054-85B3-93070C5A1287}.Debug|Any CPU.Build.0 = Debug|Any CPU
		{9CA9B74F-953E-4054-85B3-93070C5A1287}.Debug|Any CPU.Deploy.0 = Debug|Any CPU
		{9CA9B74F-953E-4054-85B3-93070C5A1287}.Debug|ARM.ActiveCfg = Debug|Any CPU
		{9CA9B74F-953E-4054-85B3-93070C5A1287}.Debug|ARM.Build.0 = Debug|Any CPU
		{9CA9B74F-953E-4054-85B3-93070C5A1287}.Debug|ARM.Deploy.0 = Debug|Any CPU
		{9CA9B74F-953E-4054-85B3-93070C5A1287}.Debug|iPhone.ActiveCfg = Debug|Any CPU
		{9CA9B74F-953E-4054-85B3-93070C5A1287}.Debug|iPhone.Build.0 = Debug|Any CPU
		{9CA9B74F-953E-4054-85B3-93070C5A1287}.Debug|iPhone.Deploy.0 = Debug|Any CPU
		{9CA9B74F-953E-4054-85B3-93070C5A1287}.Debug|iPhoneSimulator.ActiveCfg = Debug|Any CPU
		{9CA9B74F-953E-4054-85B3-93070C5A1287}.Debug|iPhoneSimulator.Build.0 = Debug|Any CPU
		{9CA9B74F-953E-4054-85B3-93070C5A1287}.Debug|iPhoneSimulator.Deploy.0 = Debug|Any CPU
		{9CA9B74F-953E-4054-85B3-93070C5A1287}.Debug|x64.ActiveCfg = Debug|Any CPU
		{9CA9B74F-953E-4054-85B3-93070C5A1287}.Debug|x64.Build.0 = Debug|Any CPU
		{9CA9B74F-953E-4054-85B3-93070C5A1287}.Debug|x64.Deploy.0 = Debug|Any CPU
		{9CA9B74F-953E-4054-85B3-93070C5A1287}.Debug|x86.ActiveCfg = Debug|Any CPU
		{9CA9B74F-953E-4054-85B3-93070C5A1287}.Debug|x86.Build.0 = Debug|Any CPU
		{9CA9B74F-953E-4054-85B3-93070C5A1287}.Debug|x86.Deploy.0 = Debug|Any CPU
		{9CA9B74F-953E-4054-85B3-93070C5A1287}.Release|Any CPU.ActiveCfg = Release|Any CPU
		{9CA9B74F-953E-4054-85B3-93070C5A1287}.Release|Any CPU.Build.0 = Release|Any CPU
		{9CA9B74F-953E-4054-85B3-93070C5A1287}.Release|Any CPU.Deploy.0 = Release|Any CPU
		{9CA9B74F-953E-4054-85B3-93070C5A1287}.Release|ARM.ActiveCfg = Release|Any CPU
		{9CA9B74F-953E-4054-85B3-93070C5A1287}.Release|ARM.Build.0 = Release|Any CPU
		{9CA9B74F-953E-4054-85B3-93070C5A1287}.Release|ARM.Deploy.0 = Release|Any CPU
		{9CA9B74F-953E-4054-85B3-93070C5A1287}.Release|iPhone.ActiveCfg = Release|Any CPU
		{9CA9B74F-953E-4054-85B3-93070C5A1287}.Release|iPhone.Build.0 = Release|Any CPU
		{9CA9B74F-953E-4054-85B3-93070C5A1287}.Release|iPhone.Deploy.0 = Release|Any CPU
		{9CA9B74F-953E-4054-85B3-93070C5A1287}.Release|iPhoneSimulator.ActiveCfg = Release|Any CPU
		{9CA9B74F-953E-4054-85B3-93070C5A1287}.Release|iPhoneSimulator.Build.0 = Release|Any CPU
		{9CA9B74F-953E-4054-85B3-93070C5A1287}.Release|iPhoneSimulator.Deploy.0 = Release|Any CPU
		{9CA9B74F-953E-4054-85B3-93070C5A1287}.Release|x64.ActiveCfg = Release|Any CPU
		{9CA9B74F-953E-4054-85B3-93070C5A1287}.Release|x64.Build.0 = Release|Any CPU
		{9CA9B74F-953E-4054-85B3-93070C5A1287}.Release|x64.Deploy.0 = Release|Any CPU
		{9CA9B74F-953E-4054-85B3-93070C5A1287}.Release|x86.ActiveCfg = Release|Any CPU
		{9CA9B74F-953E-4054-85B3-93070C5A1287}.Release|x86.Build.0 = Release|Any CPU
		{9CA9B74F-953E-4054-85B3-93070C5A1287}.Release|x86.Deploy.0 = Release|Any CPU
		{0AEAA1D6-F453-4C30-80A8-D846E92B7068}.Ad-Hoc|Any CPU.ActiveCfg = Ad-Hoc|iPhone
		{0AEAA1D6-F453-4C30-80A8-D846E92B7068}.Ad-Hoc|ARM.ActiveCfg = Ad-Hoc|iPhone
		{0AEAA1D6-F453-4C30-80A8-D846E92B7068}.Ad-Hoc|iPhone.ActiveCfg = Ad-Hoc|iPhone
		{0AEAA1D6-F453-4C30-80A8-D846E92B7068}.Ad-Hoc|iPhone.Build.0 = Ad-Hoc|iPhone
		{0AEAA1D6-F453-4C30-80A8-D846E92B7068}.Ad-Hoc|iPhoneSimulator.ActiveCfg = Ad-Hoc|iPhoneSimulator
		{0AEAA1D6-F453-4C30-80A8-D846E92B7068}.Ad-Hoc|iPhoneSimulator.Build.0 = Ad-Hoc|iPhoneSimulator
		{0AEAA1D6-F453-4C30-80A8-D846E92B7068}.Ad-Hoc|x64.ActiveCfg = Ad-Hoc|iPhone
		{0AEAA1D6-F453-4C30-80A8-D846E92B7068}.Ad-Hoc|x86.ActiveCfg = Ad-Hoc|iPhone
		{0AEAA1D6-F453-4C30-80A8-D846E92B7068}.AppStore|Any CPU.ActiveCfg = AppStore|iPhone
		{0AEAA1D6-F453-4C30-80A8-D846E92B7068}.AppStore|ARM.ActiveCfg = AppStore|iPhone
		{0AEAA1D6-F453-4C30-80A8-D846E92B7068}.AppStore|iPhone.ActiveCfg = AppStore|iPhone
		{0AEAA1D6-F453-4C30-80A8-D846E92B7068}.AppStore|iPhone.Build.0 = AppStore|iPhone
		{0AEAA1D6-F453-4C30-80A8-D846E92B7068}.AppStore|iPhoneSimulator.ActiveCfg = AppStore|iPhoneSimulator
		{0AEAA1D6-F453-4C30-80A8-D846E92B7068}.AppStore|iPhoneSimulator.Build.0 = AppStore|iPhoneSimulator
		{0AEAA1D6-F453-4C30-80A8-D846E92B7068}.AppStore|x64.ActiveCfg = AppStore|iPhone
		{0AEAA1D6-F453-4C30-80A8-D846E92B7068}.AppStore|x86.ActiveCfg = AppStore|iPhone
		{0AEAA1D6-F453-4C30-80A8-D846E92B7068}.Debug|Any CPU.ActiveCfg = Debug|iPhone
		{0AEAA1D6-F453-4C30-80A8-D846E92B7068}.Debug|ARM.ActiveCfg = Debug|iPhone
		{0AEAA1D6-F453-4C30-80A8-D846E92B7068}.Debug|iPhone.ActiveCfg = Debug|iPhone
		{0AEAA1D6-F453-4C30-80A8-D846E92B7068}.Debug|iPhone.Build.0 = Debug|iPhone
		{0AEAA1D6-F453-4C30-80A8-D846E92B7068}.Debug|iPhoneSimulator.ActiveCfg = Debug|iPhoneSimulator
		{0AEAA1D6-F453-4C30-80A8-D846E92B7068}.Debug|iPhoneSimulator.Build.0 = Debug|iPhoneSimulator
		{0AEAA1D6-F453-4C30-80A8-D846E92B7068}.Debug|x64.ActiveCfg = Debug|iPhone
		{0AEAA1D6-F453-4C30-80A8-D846E92B7068}.Debug|x86.ActiveCfg = Debug|iPhone
		{0AEAA1D6-F453-4C30-80A8-D846E92B7068}.Release|Any CPU.ActiveCfg = Release|iPhone
		{0AEAA1D6-F453-4C30-80A8-D846E92B7068}.Release|ARM.ActiveCfg = Release|iPhone
		{0AEAA1D6-F453-4C30-80A8-D846E92B7068}.Release|iPhone.ActiveCfg = Release|iPhone
		{0AEAA1D6-F453-4C30-80A8-D846E92B7068}.Release|iPhone.Build.0 = Release|iPhone
		{0AEAA1D6-F453-4C30-80A8-D846E92B7068}.Release|iPhoneSimulator.ActiveCfg = Release|iPhoneSimulator
		{0AEAA1D6-F453-4C30-80A8-D846E92B7068}.Release|iPhoneSimulator.Build.0 = Release|iPhoneSimulator
		{0AEAA1D6-F453-4C30-80A8-D846E92B7068}.Release|x64.ActiveCfg = Release|iPhone
		{0AEAA1D6-F453-4C30-80A8-D846E92B7068}.Release|x86.ActiveCfg = Release|iPhone
		{AA3B09B1-0C5E-4953-91BA-B51FE4209984}.Ad-Hoc|Any CPU.ActiveCfg = Release|x86
		{AA3B09B1-0C5E-4953-91BA-B51FE4209984}.Ad-Hoc|Any CPU.Build.0 = Release|x86
		{AA3B09B1-0C5E-4953-91BA-B51FE4209984}.Ad-Hoc|Any CPU.Deploy.0 = Release|x86
		{AA3B09B1-0C5E-4953-91BA-B51FE4209984}.Ad-Hoc|ARM.ActiveCfg = Release|ARM
		{AA3B09B1-0C5E-4953-91BA-B51FE4209984}.Ad-Hoc|ARM.Build.0 = Release|ARM
		{AA3B09B1-0C5E-4953-91BA-B51FE4209984}.Ad-Hoc|ARM.Deploy.0 = Release|ARM
		{AA3B09B1-0C5E-4953-91BA-B51FE4209984}.Ad-Hoc|iPhone.ActiveCfg = Release|x86
		{AA3B09B1-0C5E-4953-91BA-B51FE4209984}.Ad-Hoc|iPhone.Build.0 = Release|x86
		{AA3B09B1-0C5E-4953-91BA-B51FE4209984}.Ad-Hoc|iPhone.Deploy.0 = Release|x86
		{AA3B09B1-0C5E-4953-91BA-B51FE4209984}.Ad-Hoc|iPhoneSimulator.ActiveCfg = Release|x86
		{AA3B09B1-0C5E-4953-91BA-B51FE4209984}.Ad-Hoc|iPhoneSimulator.Build.0 = Release|x86
		{AA3B09B1-0C5E-4953-91BA-B51FE4209984}.Ad-Hoc|iPhoneSimulator.Deploy.0 = Release|x86
		{AA3B09B1-0C5E-4953-91BA-B51FE4209984}.Ad-Hoc|x64.ActiveCfg = Release|x64
		{AA3B09B1-0C5E-4953-91BA-B51FE4209984}.Ad-Hoc|x64.Build.0 = Release|x64
		{AA3B09B1-0C5E-4953-91BA-B51FE4209984}.Ad-Hoc|x64.Deploy.0 = Release|x64
		{AA3B09B1-0C5E-4953-91BA-B51FE4209984}.Ad-Hoc|x86.ActiveCfg = Release|x86
		{AA3B09B1-0C5E-4953-91BA-B51FE4209984}.Ad-Hoc|x86.Build.0 = Release|x86
		{AA3B09B1-0C5E-4953-91BA-B51FE4209984}.Ad-Hoc|x86.Deploy.0 = Release|x86
		{AA3B09B1-0C5E-4953-91BA-B51FE4209984}.AppStore|Any CPU.ActiveCfg = Release|x86
		{AA3B09B1-0C5E-4953-91BA-B51FE4209984}.AppStore|Any CPU.Build.0 = Release|x86
		{AA3B09B1-0C5E-4953-91BA-B51FE4209984}.AppStore|Any CPU.Deploy.0 = Release|x86
		{AA3B09B1-0C5E-4953-91BA-B51FE4209984}.AppStore|ARM.ActiveCfg = Release|ARM
		{AA3B09B1-0C5E-4953-91BA-B51FE4209984}.AppStore|ARM.Build.0 = Release|ARM
		{AA3B09B1-0C5E-4953-91BA-B51FE4209984}.AppStore|ARM.Deploy.0 = Release|ARM
		{AA3B09B1-0C5E-4953-91BA-B51FE4209984}.AppStore|iPhone.ActiveCfg = Release|x86
		{AA3B09B1-0C5E-4953-91BA-B51FE4209984}.AppStore|iPhone.Build.0 = Release|x86
		{AA3B09B1-0C5E-4953-91BA-B51FE4209984}.AppStore|iPhone.Deploy.0 = Release|x86
		{AA3B09B1-0C5E-4953-91BA-B51FE4209984}.AppStore|iPhoneSimulator.ActiveCfg = Release|x86
		{AA3B09B1-0C5E-4953-91BA-B51FE4209984}.AppStore|iPhoneSimulator.Build.0 = Release|x86
		{AA3B09B1-0C5E-4953-91BA-B51FE4209984}.AppStore|iPhoneSimulator.Deploy.0 = Release|x86
		{AA3B09B1-0C5E-4953-91BA-B51FE4209984}.AppStore|x64.ActiveCfg = Release|x64
		{AA3B09B1-0C5E-4953-91BA-B51FE4209984}.AppStore|x64.Build.0 = Release|x64
		{AA3B09B1-0C5E-4953-91BA-B51FE4209984}.AppStore|x64.Deploy.0 = Release|x64
		{AA3B09B1-0C5E-4953-91BA-B51FE4209984}.AppStore|x86.ActiveCfg = Release|x86
		{AA3B09B1-0C5E-4953-91BA-B51FE4209984}.AppStore|x86.Build.0 = Release|x86
		{AA3B09B1-0C5E-4953-91BA-B51FE4209984}.AppStore|x86.Deploy.0 = Release|x86
		{AA3B09B1-0C5E-4953-91BA-B51FE4209984}.Debug|Any CPU.ActiveCfg = Debug|x86
		{AA3B09B1-0C5E-4953-91BA-B51FE4209984}.Debug|ARM.ActiveCfg = Debug|ARM
		{AA3B09B1-0C5E-4953-91BA-B51FE4209984}.Debug|ARM.Build.0 = Debug|ARM
		{AA3B09B1-0C5E-4953-91BA-B51FE4209984}.Debug|ARM.Deploy.0 = Debug|ARM
		{AA3B09B1-0C5E-4953-91BA-B51FE4209984}.Debug|iPhone.ActiveCfg = Debug|x86
		{AA3B09B1-0C5E-4953-91BA-B51FE4209984}.Debug|iPhoneSimulator.ActiveCfg = Debug|x86
		{AA3B09B1-0C5E-4953-91BA-B51FE4209984}.Debug|x64.ActiveCfg = Debug|x64
		{AA3B09B1-0C5E-4953-91BA-B51FE4209984}.Debug|x64.Build.0 = Debug|x64
		{AA3B09B1-0C5E-4953-91BA-B51FE4209984}.Debug|x64.Deploy.0 = Debug|x64
		{AA3B09B1-0C5E-4953-91BA-B51FE4209984}.Debug|x86.ActiveCfg = Debug|x86
		{AA3B09B1-0C5E-4953-91BA-B51FE4209984}.Debug|x86.Build.0 = Debug|x86
		{AA3B09B1-0C5E-4953-91BA-B51FE4209984}.Debug|x86.Deploy.0 = Debug|x86
		{AA3B09B1-0C5E-4953-91BA-B51FE4209984}.Release|Any CPU.ActiveCfg = Release|x86
		{AA3B09B1-0C5E-4953-91BA-B51FE4209984}.Release|ARM.ActiveCfg = Release|ARM
		{AA3B09B1-0C5E-4953-91BA-B51FE4209984}.Release|ARM.Build.0 = Release|ARM
		{AA3B09B1-0C5E-4953-91BA-B51FE4209984}.Release|ARM.Deploy.0 = Release|ARM
		{AA3B09B1-0C5E-4953-91BA-B51FE4209984}.Release|iPhone.ActiveCfg = Release|x86
		{AA3B09B1-0C5E-4953-91BA-B51FE4209984}.Release|iPhoneSimulator.ActiveCfg = Release|x86
		{AA3B09B1-0C5E-4953-91BA-B51FE4209984}.Release|x64.ActiveCfg = Release|x64
		{AA3B09B1-0C5E-4953-91BA-B51FE4209984}.Release|x64.Build.0 = Release|x64
		{AA3B09B1-0C5E-4953-91BA-B51FE4209984}.Release|x64.Deploy.0 = Release|x64
		{AA3B09B1-0C5E-4953-91BA-B51FE4209984}.Release|x86.ActiveCfg = Release|x86
		{AA3B09B1-0C5E-4953-91BA-B51FE4209984}.Release|x86.Build.0 = Release|x86
		{AA3B09B1-0C5E-4953-91BA-B51FE4209984}.Release|x86.Deploy.0 = Release|x86
		{AFD4E468-02A4-4CE2-A526-CACD2ED05078}.Ad-Hoc|Any CPU.ActiveCfg = Debug|Any CPU
		{AFD4E468-02A4-4CE2-A526-CACD2ED05078}.Ad-Hoc|Any CPU.Build.0 = Debug|Any CPU
		{AFD4E468-02A4-4CE2-A526-CACD2ED05078}.Ad-Hoc|ARM.ActiveCfg = Debug|Any CPU
		{AFD4E468-02A4-4CE2-A526-CACD2ED05078}.Ad-Hoc|ARM.Build.0 = Debug|Any CPU
		{AFD4E468-02A4-4CE2-A526-CACD2ED05078}.Ad-Hoc|iPhone.ActiveCfg = Debug|Any CPU
		{AFD4E468-02A4-4CE2-A526-CACD2ED05078}.Ad-Hoc|iPhone.Build.0 = Debug|Any CPU
		{AFD4E468-02A4-4CE2-A526-CACD2ED05078}.Ad-Hoc|iPhoneSimulator.ActiveCfg = Debug|Any CPU
		{AFD4E468-02A4-4CE2-A526-CACD2ED05078}.Ad-Hoc|iPhoneSimulator.Build.0 = Debug|Any CPU
		{AFD4E468-02A4-4CE2-A526-CACD2ED05078}.Ad-Hoc|x64.ActiveCfg = Debug|Any CPU
		{AFD4E468-02A4-4CE2-A526-CACD2ED05078}.Ad-Hoc|x64.Build.0 = Debug|Any CPU
		{AFD4E468-02A4-4CE2-A526-CACD2ED05078}.Ad-Hoc|x86.ActiveCfg = Debug|Any CPU
		{AFD4E468-02A4-4CE2-A526-CACD2ED05078}.Ad-Hoc|x86.Build.0 = Debug|Any CPU
		{AFD4E468-02A4-4CE2-A526-CACD2ED05078}.AppStore|Any CPU.ActiveCfg = Debug|Any CPU
		{AFD4E468-02A4-4CE2-A526-CACD2ED05078}.AppStore|Any CPU.Build.0 = Debug|Any CPU
		{AFD4E468-02A4-4CE2-A526-CACD2ED05078}.AppStore|ARM.ActiveCfg = Debug|Any CPU
		{AFD4E468-02A4-4CE2-A526-CACD2ED05078}.AppStore|ARM.Build.0 = Debug|Any CPU
		{AFD4E468-02A4-4CE2-A526-CACD2ED05078}.AppStore|iPhone.ActiveCfg = Debug|Any CPU
		{AFD4E468-02A4-4CE2-A526-CACD2ED05078}.AppStore|iPhone.Build.0 = Debug|Any CPU
		{AFD4E468-02A4-4CE2-A526-CACD2ED05078}.AppStore|iPhoneSimulator.ActiveCfg = Debug|Any CPU
		{AFD4E468-02A4-4CE2-A526-CACD2ED05078}.AppStore|iPhoneSimulator.Build.0 = Debug|Any CPU
		{AFD4E468-02A4-4CE2-A526-CACD2ED05078}.AppStore|x64.ActiveCfg = Debug|Any CPU
		{AFD4E468-02A4-4CE2-A526-CACD2ED05078}.AppStore|x64.Build.0 = Debug|Any CPU
		{AFD4E468-02A4-4CE2-A526-CACD2ED05078}.AppStore|x86.ActiveCfg = Debug|Any CPU
		{AFD4E468-02A4-4CE2-A526-CACD2ED05078}.AppStore|x86.Build.0 = Debug|Any CPU
		{AFD4E468-02A4-4CE2-A526-CACD2ED05078}.Debug|Any CPU.ActiveCfg = Debug|Any CPU
		{AFD4E468-02A4-4CE2-A526-CACD2ED05078}.Debug|Any CPU.Build.0 = Debug|Any CPU
		{AFD4E468-02A4-4CE2-A526-CACD2ED05078}.Debug|ARM.ActiveCfg = Debug|Any CPU
		{AFD4E468-02A4-4CE2-A526-CACD2ED05078}.Debug|ARM.Build.0 = Debug|Any CPU
		{AFD4E468-02A4-4CE2-A526-CACD2ED05078}.Debug|iPhone.ActiveCfg = Debug|Any CPU
		{AFD4E468-02A4-4CE2-A526-CACD2ED05078}.Debug|iPhone.Build.0 = Debug|Any CPU
		{AFD4E468-02A4-4CE2-A526-CACD2ED05078}.Debug|iPhoneSimulator.ActiveCfg = Debug|Any CPU
		{AFD4E468-02A4-4CE2-A526-CACD2ED05078}.Debug|iPhoneSimulator.Build.0 = Debug|Any CPU
		{AFD4E468-02A4-4CE2-A526-CACD2ED05078}.Debug|x64.ActiveCfg = Debug|Any CPU
		{AFD4E468-02A4-4CE2-A526-CACD2ED05078}.Debug|x64.Build.0 = Debug|Any CPU
		{AFD4E468-02A4-4CE2-A526-CACD2ED05078}.Debug|x86.ActiveCfg = Debug|Any CPU
		{AFD4E468-02A4-4CE2-A526-CACD2ED05078}.Debug|x86.Build.0 = Debug|Any CPU
		{AFD4E468-02A4-4CE2-A526-CACD2ED05078}.Release|Any CPU.ActiveCfg = Release|Any CPU
		{AFD4E468-02A4-4CE2-A526-CACD2ED05078}.Release|Any CPU.Build.0 = Release|Any CPU
		{AFD4E468-02A4-4CE2-A526-CACD2ED05078}.Release|ARM.ActiveCfg = Release|Any CPU
		{AFD4E468-02A4-4CE2-A526-CACD2ED05078}.Release|ARM.Build.0 = Release|Any CPU
		{AFD4E468-02A4-4CE2-A526-CACD2ED05078}.Release|iPhone.ActiveCfg = Release|Any CPU
		{AFD4E468-02A4-4CE2-A526-CACD2ED05078}.Release|iPhone.Build.0 = Release|Any CPU
		{AFD4E468-02A4-4CE2-A526-CACD2ED05078}.Release|iPhoneSimulator.ActiveCfg = Release|Any CPU
		{AFD4E468-02A4-4CE2-A526-CACD2ED05078}.Release|iPhoneSimulator.Build.0 = Release|Any CPU
		{AFD4E468-02A4-4CE2-A526-CACD2ED05078}.Release|x64.ActiveCfg = Release|Any CPU
		{AFD4E468-02A4-4CE2-A526-CACD2ED05078}.Release|x64.Build.0 = Release|Any CPU
		{AFD4E468-02A4-4CE2-A526-CACD2ED05078}.Release|x86.ActiveCfg = Release|Any CPU
		{AFD4E468-02A4-4CE2-A526-CACD2ED05078}.Release|x86.Build.0 = Release|Any CPU
		{6A56E002-46C9-420D-99CF-749D32BE6EFF}.Ad-Hoc|Any CPU.ActiveCfg = Debug|Any CPU
		{6A56E002-46C9-420D-99CF-749D32BE6EFF}.Ad-Hoc|Any CPU.Build.0 = Debug|Any CPU
		{6A56E002-46C9-420D-99CF-749D32BE6EFF}.Ad-Hoc|ARM.ActiveCfg = Debug|Any CPU
		{6A56E002-46C9-420D-99CF-749D32BE6EFF}.Ad-Hoc|ARM.Build.0 = Debug|Any CPU
		{6A56E002-46C9-420D-99CF-749D32BE6EFF}.Ad-Hoc|iPhone.ActiveCfg = Debug|Any CPU
		{6A56E002-46C9-420D-99CF-749D32BE6EFF}.Ad-Hoc|iPhone.Build.0 = Debug|Any CPU
		{6A56E002-46C9-420D-99CF-749D32BE6EFF}.Ad-Hoc|iPhoneSimulator.ActiveCfg = Debug|Any CPU
		{6A56E002-46C9-420D-99CF-749D32BE6EFF}.Ad-Hoc|iPhoneSimulator.Build.0 = Debug|Any CPU
		{6A56E002-46C9-420D-99CF-749D32BE6EFF}.Ad-Hoc|x64.ActiveCfg = Debug|Any CPU
		{6A56E002-46C9-420D-99CF-749D32BE6EFF}.Ad-Hoc|x64.Build.0 = Debug|Any CPU
		{6A56E002-46C9-420D-99CF-749D32BE6EFF}.Ad-Hoc|x86.ActiveCfg = Debug|Any CPU
		{6A56E002-46C9-420D-99CF-749D32BE6EFF}.Ad-Hoc|x86.Build.0 = Debug|Any CPU
		{6A56E002-46C9-420D-99CF-749D32BE6EFF}.AppStore|Any CPU.ActiveCfg = Debug|Any CPU
		{6A56E002-46C9-420D-99CF-749D32BE6EFF}.AppStore|Any CPU.Build.0 = Debug|Any CPU
		{6A56E002-46C9-420D-99CF-749D32BE6EFF}.AppStore|ARM.ActiveCfg = Debug|Any CPU
		{6A56E002-46C9-420D-99CF-749D32BE6EFF}.AppStore|ARM.Build.0 = Debug|Any CPU
		{6A56E002-46C9-420D-99CF-749D32BE6EFF}.AppStore|iPhone.ActiveCfg = Debug|Any CPU
		{6A56E002-46C9-420D-99CF-749D32BE6EFF}.AppStore|iPhone.Build.0 = Debug|Any CPU
		{6A56E002-46C9-420D-99CF-749D32BE6EFF}.AppStore|iPhoneSimulator.ActiveCfg = Debug|Any CPU
		{6A56E002-46C9-420D-99CF-749D32BE6EFF}.AppStore|iPhoneSimulator.Build.0 = Debug|Any CPU
		{6A56E002-46C9-420D-99CF-749D32BE6EFF}.AppStore|x64.ActiveCfg = Debug|Any CPU
		{6A56E002-46C9-420D-99CF-749D32BE6EFF}.AppStore|x64.Build.0 = Debug|Any CPU
		{6A56E002-46C9-420D-99CF-749D32BE6EFF}.AppStore|x86.ActiveCfg = Debug|Any CPU
		{6A56E002-46C9-420D-99CF-749D32BE6EFF}.AppStore|x86.Build.0 = Debug|Any CPU
		{6A56E002-46C9-420D-99CF-749D32BE6EFF}.Debug|Any CPU.ActiveCfg = Debug|Any CPU
		{6A56E002-46C9-420D-99CF-749D32BE6EFF}.Debug|Any CPU.Build.0 = Debug|Any CPU
		{6A56E002-46C9-420D-99CF-749D32BE6EFF}.Debug|ARM.ActiveCfg = Debug|Any CPU
		{6A56E002-46C9-420D-99CF-749D32BE6EFF}.Debug|ARM.Build.0 = Debug|Any CPU
		{6A56E002-46C9-420D-99CF-749D32BE6EFF}.Debug|iPhone.ActiveCfg = Debug|Any CPU
		{6A56E002-46C9-420D-99CF-749D32BE6EFF}.Debug|iPhone.Build.0 = Debug|Any CPU
		{6A56E002-46C9-420D-99CF-749D32BE6EFF}.Debug|iPhoneSimulator.ActiveCfg = Debug|Any CPU
		{6A56E002-46C9-420D-99CF-749D32BE6EFF}.Debug|iPhoneSimulator.Build.0 = Debug|Any CPU
		{6A56E002-46C9-420D-99CF-749D32BE6EFF}.Debug|x64.ActiveCfg = Debug|Any CPU
		{6A56E002-46C9-420D-99CF-749D32BE6EFF}.Debug|x64.Build.0 = Debug|Any CPU
		{6A56E002-46C9-420D-99CF-749D32BE6EFF}.Debug|x86.ActiveCfg = Debug|Any CPU
		{6A56E002-46C9-420D-99CF-749D32BE6EFF}.Debug|x86.Build.0 = Debug|Any CPU
		{6A56E002-46C9-420D-99CF-749D32BE6EFF}.Release|Any CPU.ActiveCfg = Release|Any CPU
		{6A56E002-46C9-420D-99CF-749D32BE6EFF}.Release|Any CPU.Build.0 = Release|Any CPU
		{6A56E002-46C9-420D-99CF-749D32BE6EFF}.Release|ARM.ActiveCfg = Release|Any CPU
		{6A56E002-46C9-420D-99CF-749D32BE6EFF}.Release|ARM.Build.0 = Release|Any CPU
		{6A56E002-46C9-420D-99CF-749D32BE6EFF}.Release|iPhone.ActiveCfg = Release|Any CPU
		{6A56E002-46C9-420D-99CF-749D32BE6EFF}.Release|iPhone.Build.0 = Release|Any CPU
		{6A56E002-46C9-420D-99CF-749D32BE6EFF}.Release|iPhoneSimulator.ActiveCfg = Release|Any CPU
		{6A56E002-46C9-420D-99CF-749D32BE6EFF}.Release|iPhoneSimulator.Build.0 = Release|Any CPU
		{6A56E002-46C9-420D-99CF-749D32BE6EFF}.Release|x64.ActiveCfg = Release|Any CPU
		{6A56E002-46C9-420D-99CF-749D32BE6EFF}.Release|x64.Build.0 = Release|Any CPU
		{6A56E002-46C9-420D-99CF-749D32BE6EFF}.Release|x86.ActiveCfg = Release|Any CPU
		{6A56E002-46C9-420D-99CF-749D32BE6EFF}.Release|x86.Build.0 = Release|Any CPU
		{AF810C05-EDA3-4CF4-ABC6-5A77DCD050E8}.Ad-Hoc|Any CPU.ActiveCfg = Debug|Any CPU
		{AF810C05-EDA3-4CF4-ABC6-5A77DCD050E8}.Ad-Hoc|Any CPU.Build.0 = Debug|Any CPU
		{AF810C05-EDA3-4CF4-ABC6-5A77DCD050E8}.Ad-Hoc|ARM.ActiveCfg = Debug|Any CPU
		{AF810C05-EDA3-4CF4-ABC6-5A77DCD050E8}.Ad-Hoc|ARM.Build.0 = Debug|Any CPU
		{AF810C05-EDA3-4CF4-ABC6-5A77DCD050E8}.Ad-Hoc|iPhone.ActiveCfg = Debug|Any CPU
		{AF810C05-EDA3-4CF4-ABC6-5A77DCD050E8}.Ad-Hoc|iPhone.Build.0 = Debug|Any CPU
		{AF810C05-EDA3-4CF4-ABC6-5A77DCD050E8}.Ad-Hoc|iPhoneSimulator.ActiveCfg = Debug|Any CPU
		{AF810C05-EDA3-4CF4-ABC6-5A77DCD050E8}.Ad-Hoc|iPhoneSimulator.Build.0 = Debug|Any CPU
		{AF810C05-EDA3-4CF4-ABC6-5A77DCD050E8}.Ad-Hoc|x64.ActiveCfg = Debug|Any CPU
		{AF810C05-EDA3-4CF4-ABC6-5A77DCD050E8}.Ad-Hoc|x64.Build.0 = Debug|Any CPU
		{AF810C05-EDA3-4CF4-ABC6-5A77DCD050E8}.Ad-Hoc|x86.ActiveCfg = Debug|Any CPU
		{AF810C05-EDA3-4CF4-ABC6-5A77DCD050E8}.Ad-Hoc|x86.Build.0 = Debug|Any CPU
		{AF810C05-EDA3-4CF4-ABC6-5A77DCD050E8}.AppStore|Any CPU.ActiveCfg = Debug|Any CPU
		{AF810C05-EDA3-4CF4-ABC6-5A77DCD050E8}.AppStore|Any CPU.Build.0 = Debug|Any CPU
		{AF810C05-EDA3-4CF4-ABC6-5A77DCD050E8}.AppStore|ARM.ActiveCfg = Debug|Any CPU
		{AF810C05-EDA3-4CF4-ABC6-5A77DCD050E8}.AppStore|ARM.Build.0 = Debug|Any CPU
		{AF810C05-EDA3-4CF4-ABC6-5A77DCD050E8}.AppStore|iPhone.ActiveCfg = Debug|Any CPU
		{AF810C05-EDA3-4CF4-ABC6-5A77DCD050E8}.AppStore|iPhone.Build.0 = Debug|Any CPU
		{AF810C05-EDA3-4CF4-ABC6-5A77DCD050E8}.AppStore|iPhoneSimulator.ActiveCfg = Debug|Any CPU
		{AF810C05-EDA3-4CF4-ABC6-5A77DCD050E8}.AppStore|iPhoneSimulator.Build.0 = Debug|Any CPU
		{AF810C05-EDA3-4CF4-ABC6-5A77DCD050E8}.AppStore|x64.ActiveCfg = Debug|Any CPU
		{AF810C05-EDA3-4CF4-ABC6-5A77DCD050E8}.AppStore|x64.Build.0 = Debug|Any CPU
		{AF810C05-EDA3-4CF4-ABC6-5A77DCD050E8}.AppStore|x86.ActiveCfg = Debug|Any CPU
		{AF810C05-EDA3-4CF4-ABC6-5A77DCD050E8}.AppStore|x86.Build.0 = Debug|Any CPU
		{AF810C05-EDA3-4CF4-ABC6-5A77DCD050E8}.Debug|Any CPU.ActiveCfg = Debug|Any CPU
		{AF810C05-EDA3-4CF4-ABC6-5A77DCD050E8}.Debug|Any CPU.Build.0 = Debug|Any CPU
		{AF810C05-EDA3-4CF4-ABC6-5A77DCD050E8}.Debug|ARM.ActiveCfg = Debug|Any CPU
		{AF810C05-EDA3-4CF4-ABC6-5A77DCD050E8}.Debug|ARM.Build.0 = Debug|Any CPU
		{AF810C05-EDA3-4CF4-ABC6-5A77DCD050E8}.Debug|iPhone.ActiveCfg = Debug|Any CPU
		{AF810C05-EDA3-4CF4-ABC6-5A77DCD050E8}.Debug|iPhone.Build.0 = Debug|Any CPU
		{AF810C05-EDA3-4CF4-ABC6-5A77DCD050E8}.Debug|iPhoneSimulator.ActiveCfg = Debug|Any CPU
		{AF810C05-EDA3-4CF4-ABC6-5A77DCD050E8}.Debug|iPhoneSimulator.Build.0 = Debug|Any CPU
		{AF810C05-EDA3-4CF4-ABC6-5A77DCD050E8}.Debug|x64.ActiveCfg = Debug|Any CPU
		{AF810C05-EDA3-4CF4-ABC6-5A77DCD050E8}.Debug|x64.Build.0 = Debug|Any CPU
		{AF810C05-EDA3-4CF4-ABC6-5A77DCD050E8}.Debug|x86.ActiveCfg = Debug|Any CPU
		{AF810C05-EDA3-4CF4-ABC6-5A77DCD050E8}.Debug|x86.Build.0 = Debug|Any CPU
		{AF810C05-EDA3-4CF4-ABC6-5A77DCD050E8}.Release|Any CPU.ActiveCfg = Release|Any CPU
		{AF810C05-EDA3-4CF4-ABC6-5A77DCD050E8}.Release|Any CPU.Build.0 = Release|Any CPU
		{AF810C05-EDA3-4CF4-ABC6-5A77DCD050E8}.Release|ARM.ActiveCfg = Release|Any CPU
		{AF810C05-EDA3-4CF4-ABC6-5A77DCD050E8}.Release|ARM.Build.0 = Release|Any CPU
		{AF810C05-EDA3-4CF4-ABC6-5A77DCD050E8}.Release|iPhone.ActiveCfg = Release|Any CPU
		{AF810C05-EDA3-4CF4-ABC6-5A77DCD050E8}.Release|iPhone.Build.0 = Release|Any CPU
		{AF810C05-EDA3-4CF4-ABC6-5A77DCD050E8}.Release|iPhoneSimulator.ActiveCfg = Release|Any CPU
		{AF810C05-EDA3-4CF4-ABC6-5A77DCD050E8}.Release|iPhoneSimulator.Build.0 = Release|Any CPU
		{AF810C05-EDA3-4CF4-ABC6-5A77DCD050E8}.Release|x64.ActiveCfg = Release|Any CPU
		{AF810C05-EDA3-4CF4-ABC6-5A77DCD050E8}.Release|x64.Build.0 = Release|Any CPU
		{AF810C05-EDA3-4CF4-ABC6-5A77DCD050E8}.Release|x86.ActiveCfg = Release|Any CPU
		{AF810C05-EDA3-4CF4-ABC6-5A77DCD050E8}.Release|x86.Build.0 = Release|Any CPU
	EndGlobalSection
	GlobalSection(SolutionProperties) = preSolution
		HideSolutionNode = FALSE
	EndGlobalSection
	GlobalSection(NestedProjects) = preSolution
		{EB4E5C6E-D757-49EC-BFF8-F929B7240445} = {4E22072D-F725-4781-BC5A-52CC47891D82}
		{9CA9B74F-953E-4054-85B3-93070C5A1287} = {DBFA2576-5139-4E73-B7FD-288753385960}
		{0AEAA1D6-F453-4C30-80A8-D846E92B7068} = {DBFA2576-5139-4E73-B7FD-288753385960}
		{AA3B09B1-0C5E-4953-91BA-B51FE4209984} = {DBFA2576-5139-4E73-B7FD-288753385960}
		{AFD4E468-02A4-4CE2-A526-CACD2ED05078} = {4E22072D-F725-4781-BC5A-52CC47891D82}
		{6A56E002-46C9-420D-99CF-749D32BE6EFF} = {4E22072D-F725-4781-BC5A-52CC47891D82}
		{AF810C05-EDA3-4CF4-ABC6-5A77DCD050E8} = {4E22072D-F725-4781-BC5A-52CC47891D82}
	EndGlobalSection
	GlobalSection(ExtensibilityGlobals) = postSolution
		SolutionGuid = {0D6F3BC2-21AB-4366-A8A1-1EEC1A1A0509}
	EndGlobalSection
EndGlobal
